// !$*UTF8*$!
{
	archiveVersion = 1;
	classes = {
	};
	objectVersion = 77;
	objects = {

/* Begin PBXBuildFile section */
		B933B86F2ECFE26300DC9770 /* FirebaseAnalytics in Frameworks */ = {isa = PBXBuildFile; productRef = B933B86E2ECFE26300DC9770 /* FirebaseAnalytics */; };
		B933B8712ECFE26300DC9770 /* FirebaseAuth in Frameworks */ = {isa = PBXBuildFile; productRef = B933B8702ECFE26300DC9770 /* FirebaseAuth */; };
		B933B8732ECFE26300DC9770 /* FirebaseFirestore in Frameworks */ = {isa = PBXBuildFile; productRef = B933B8722ECFE26300DC9770 /* FirebaseFirestore */; };
		B933B8752ECFE42900DC9770 /* FirestoreService.swift in Sources */ = {isa = PBXBuildFile; fileRef = B933B8742ECFE42400DC9770 /* FirestoreService.swift */; };
		B933B8772ECFE43900DC9770 /* AuthService.swift in Sources */ = {isa = PBXBuildFile; fileRef = B933B8762ECFE43700DC9770 /* AuthService.swift */; };
		B933B8792ECFE65300DC9770 /* FirebaseFunctions in Frameworks */ = {isa = PBXBuildFile; productRef = B933B8782ECFE65300DC9770 /* FirebaseFunctions */; };
		B933B87B2ECFE68400DC9770 /* DailyLog.swift in Sources */ = {isa = PBXBuildFile; fileRef = B933B87A2ECFE68100DC9770 /* DailyLog.swift */; };
		B933B8E52ECFEE5D00DC9770 /* GoogleService-Info.plist in Resources */ = {isa = PBXBuildFile; fileRef = B933B8E42ECFEE5D00DC9770 /* GoogleService-Info.plist */; };
		B94DAAD52ECFC2EE00DB65EB /* ContentView.swift in Sources */ = {isa = PBXBuildFile; fileRef = B94DAAD42ECFC2EE00DB65EB /* ContentView.swift */; };
		B94DAB022ECFC50000DB65EB /* Exercise.swift in Sources */ = {isa = PBXBuildFile; fileRef = B94DAB032ECFC50000DB65EB /* Exercise.swift */; };
		B94DAB042ECFC50000DB65EB /* ExerciseSet.swift in Sources */ = {isa = PBXBuildFile; fileRef = B94DAB052ECFC50000DB65EB /* ExerciseSet.swift */; };
		B94DAB062ECFC50000DB65EB /* ExerciseTemplate.swift in Sources */ = {isa = PBXBuildFile; fileRef = B94DAB072ECFC50000DB65EB /* ExerciseTemplate.swift */; };
		B94DAB082ECFC50000DB65EB /* Workout.swift in Sources */ = {isa = PBXBuildFile; fileRef = B94DAB092ECFC50000DB65EB /* Workout.swift */; };
		B94DAB0A2ECFC50000DB65EB /* WorkoutViewModel.swift in Sources */ = {isa = PBXBuildFile; fileRef = B94DAB0B2ECFC50000DB65EB /* WorkoutViewModel.swift */; };
		B94DAB0C2ECFC50000DB65EB /* ExerciseListView.swift in Sources */ = {isa = PBXBuildFile; fileRef = B94DAB0D2ECFC50000DB65EB /* ExerciseListView.swift */; };
		B94DAB0E2ECFC50000DB65EB /* ProgressView.swift in Sources */ = {isa = PBXBuildFile; fileRef = B94DAB0F2ECFC50000DB65EB /* ProgressView.swift */; };
		B94DAB102ECFC50000DB65EB /* SettingsView.swift in Sources */ = {isa = PBXBuildFile; fileRef = B94DAB112ECFC50000DB65EB /* SettingsView.swift */; };
		B94DAB122ECFC50000DB65EB /* TabBarView.swift in Sources */ = {isa = PBXBuildFile; fileRef = B94DAB132ECFC50000DB65EB /* TabBarView.swift */; };
		B94DAB142ECFC50000DB65EB /* WorkoutDetailView.swift in Sources */ = {isa = PBXBuildFile; fileRef = B94DAB152ECFC50000DB65EB /* WorkoutDetailView.swift */; };
		B94DAB162ECFC50000DB65EB /* WorkoutListView.swift in Sources */ = {isa = PBXBuildFile; fileRef = B94DAB172ECFC50000DB65EB /* WorkoutListView.swift */; };
		B94DAB182ECFC50000DB65EB /* ExerciseTemplateService.swift in Sources */ = {isa = PBXBuildFile; fileRef = B94DAB192ECFC50000DB65EB /* ExerciseTemplateService.swift */; };
		B94DAB1A2ECFC50000DB65EB /* WorkoutService.swift in Sources */ = {isa = PBXBuildFile; fileRef = B94DAB1B2ECFC50000DB65EB /* WorkoutService.swift */; };
		B94DAB1C2ECFC50000DB65EB /* DateFormatter+Extensions.swift in Sources */ = {isa = PBXBuildFile; fileRef = B94DAB1D2ECFC50000DB65EB /* DateFormatter+Extensions.swift */; };
		B94DAB1E2ECFC50000DB65EB /* WeightFormatter.swift in Sources */ = {isa = PBXBuildFile; fileRef = B94DAB1F2ECFC50000DB65EB /* WeightFormatter.swift */; };
		B94DAB252ECFC50000DB65EB /* colors.swift in Sources */ = {isa = PBXBuildFile; fileRef = B94DAB002ECFC3DE00DB65EB /* colors.swift */; };
		B94DAB272ECFC60000DB65EB /* Food.swift in Sources */ = {isa = PBXBuildFile; fileRef = B94DAB282ECFC60000DB65EB /* Food.swift */; };
		B94DAB292ECFC60000DB65EB /* HomeView.swift in Sources */ = {isa = PBXBuildFile; fileRef = B94DAB2A2ECFC60000DB65EB /* HomeView.swift */; };
		B94DAB2B2ECFC60000DB65EB /* AICoachView.swift in Sources */ = {isa = PBXBuildFile; fileRef = B94DAB2C2ECFC60000DB65EB /* AICoachView.swift */; };
		B94DAB2D2ECFC60000DB65EB /* CommunityView.swift in Sources */ = {isa = PBXBuildFile; fileRef = B94DAB2E2ECFC60000DB65EB /* CommunityView.swift */; };
		B94DAB2F2ECFC60000DB65EB /* ProfileView.swift in Sources */ = {isa = PBXBuildFile; fileRef = B94DAB302ECFC60000DB65EB /* ProfileView.swift */; };
		B94DAB312ECFC60000DB65EB /* NutritionViewModel.swift in Sources */ = {isa = PBXBuildFile; fileRef = B94DAB322ECFC60000DB65EB /* NutritionViewModel.swift */; };
		B94DAB332ECFC60000DB65EB /* AICoachViewModel.swift in Sources */ = {isa = PBXBuildFile; fileRef = B94DAB342ECFC60000DB65EB /* AICoachViewModel.swift */; };
		B94DAB352ECFC60000DB65EB /* CommunityViewModel.swift in Sources */ = {isa = PBXBuildFile; fileRef = B94DAB362ECFC60000DB65EB /* CommunityViewModel.swift */; };
		B94DAB372ECFC60000DB65EB /* ProfileViewModel.swift in Sources */ = {isa = PBXBuildFile; fileRef = B94DAB382ECFC60000DB65EB /* ProfileViewModel.swift */; };
		B94DAB3D2ECFC70000DB65EB /* ChatGPTService.swift in Sources */ = {isa = PBXBuildFile; fileRef = B94DAB3E2ECFC70000DB65EB /* ChatGPTService.swift */; };
		B94DAB3F2ECFC70000DB65EB /* UserContextService.swift in Sources */ = {isa = PBXBuildFile; fileRef = B94DAB402ECFC70000DB65EB /* UserContextService.swift */; };
		B94DAB412ECFC70000DB65EB /* APIConfiguration.swift in Sources */ = {isa = PBXBuildFile; fileRef = B94DAB422ECFC70000DB65EB /* APIConfiguration.swift */; };
		B94DAB432ECFC80000DB65EB /* HomeViewModel.swift in Sources */ = {isa = PBXBuildFile; fileRef = B94DAB442ECFC80000DB65EB /* HomeViewModel.swift */; };
		B94DAB452ECFC85000DB65EB /* StorageService.swift in Sources */ = {isa = PBXBuildFile; fileRef = B94DAB462ECFC85000DB65EB /* StorageService.swift */; };
		B94DAB522ECFC85000DB65EB /* ImageCacheService.swift in Sources */ = {isa = PBXBuildFile; fileRef = B94DAB532ECFC85000DB65EB /* ImageCacheService.swift */; };
		B94DAB4A2ECFC81000DB65EB /* FoodLoggingView.swift in Sources */ = {isa = PBXBuildFile; fileRef = B94DAB4B2ECFC81000DB65EB /* FoodLoggingView.swift */; };
		B94DAB4C2ECFC82000DB65EB /* ImageUtilities.swift in Sources */ = {isa = PBXBuildFile; fileRef = B94DAB4D2ECFC82000DB65EB /* ImageUtilities.swift */; };
		B94DAB4E2ECFC83000DB65EB /* MealCard.swift in Sources */ = {isa = PBXBuildFile; fileRef = B94DAB4F2ECFC83000DB65EB /* MealCard.swift */; };
		B94DAB502ECFC84000DB65EB /* EditMealView.swift in Sources */ = {isa = PBXBuildFile; fileRef = B94DAB512ECFC84000DB65EB /* EditMealView.swift */; };
		B9DDCC902ED1490A000E97E3 /* FirebaseStorage in Frameworks */ = {isa = PBXBuildFile; productRef = B9DDCC8F2ED1490A000E97E3 /* FirebaseStorage */; };
		B9DDCC922ED14AE4000E97E3 /* UIImage+Base64.swift in Sources */ = {isa = PBXBuildFile; fileRef = B9DDCC912ED14AE4000E97E3 /* UIImage+Base64.swift */; };
/* End PBXBuildFile section */

/* Begin PBXContainerItemProxy section */
		B94DAADD2ECFC2EF00DB65EB /* PBXContainerItemProxy */ = {
			isa = PBXContainerItemProxy;
			containerPortal = B94DAAC72ECFC2EE00DB65EB /* Project object */;
			proxyType = 1;
			remoteGlobalIDString = B94DAACE2ECFC2EE00DB65EB;
			remoteInfo = Gains;
		};
		B94DAAE72ECFC2EF00DB65EB /* PBXContainerItemProxy */ = {
			isa = PBXContainerItemProxy;
			containerPortal = B94DAAC72ECFC2EE00DB65EB /* Project object */;
			proxyType = 1;
			remoteGlobalIDString = B94DAACE2ECFC2EE00DB65EB;
			remoteInfo = Gains;
		};
/* End PBXContainerItemProxy section */

/* Begin PBXFileReference section */
		B933B8742ECFE42400DC9770 /* FirestoreService.swift */ = {isa = PBXFileReference; lastKnownFileType = sourcecode.swift; path = FirestoreService.swift; sourceTree = "<group>"; };
		B933B8762ECFE43700DC9770 /* AuthService.swift */ = {isa = PBXFileReference; lastKnownFileType = sourcecode.swift; path = AuthService.swift; sourceTree = "<group>"; };
		B933B87A2ECFE68100DC9770 /* DailyLog.swift */ = {isa = PBXFileReference; lastKnownFileType = sourcecode.swift; path = DailyLog.swift; sourceTree = "<group>"; };
		B933B8E42ECFEE5D00DC9770 /* GoogleService-Info.plist */ = {isa = PBXFileReference; lastKnownFileType = text.plist.xml; path = "GoogleService-Info.plist"; sourceTree = "<group>"; };
		B94DAACF2ECFC2EE00DB65EB /* Gains.app */ = {isa = PBXFileReference; explicitFileType = wrapper.application; includeInIndex = 0; path = Gains.app; sourceTree = BUILT_PRODUCTS_DIR; };
		B94DAAD42ECFC2EE00DB65EB /* ContentView.swift */ = {isa = PBXFileReference; lastKnownFileType = sourcecode.swift; path = ContentView.swift; sourceTree = "<group>"; };
		B94DAADC2ECFC2EF00DB65EB /* GainsTests.xctest */ = {isa = PBXFileReference; explicitFileType = wrapper.cfbundle; includeInIndex = 0; path = GainsTests.xctest; sourceTree = BUILT_PRODUCTS_DIR; };
		B94DAAE62ECFC2EF00DB65EB /* GainsUITests.xctest */ = {isa = PBXFileReference; explicitFileType = wrapper.cfbundle; includeInIndex = 0; path = GainsUITests.xctest; sourceTree = BUILT_PRODUCTS_DIR; };
		B94DAB002ECFC3DE00DB65EB /* colors.swift */ = {isa = PBXFileReference; lastKnownFileType = sourcecode.swift; path = colors.swift; sourceTree = "<group>"; };
		B94DAB012ECFC46600DB65EB /* GainsAIApp.swift */ = {isa = PBXFileReference; lastKnownFileType = sourcecode.swift; path = GainsAIApp.swift; sourceTree = "<group>"; };
		B94DAB032ECFC50000DB65EB /* Exercise.swift */ = {isa = PBXFileReference; lastKnownFileType = sourcecode.swift; path = Exercise.swift; sourceTree = "<group>"; };
		B94DAB052ECFC50000DB65EB /* ExerciseSet.swift */ = {isa = PBXFileReference; lastKnownFileType = sourcecode.swift; path = ExerciseSet.swift; sourceTree = "<group>"; };
		B94DAB072ECFC50000DB65EB /* ExerciseTemplate.swift */ = {isa = PBXFileReference; lastKnownFileType = sourcecode.swift; path = ExerciseTemplate.swift; sourceTree = "<group>"; };
		B94DAB092ECFC50000DB65EB /* Workout.swift */ = {isa = PBXFileReference; lastKnownFileType = sourcecode.swift; path = Workout.swift; sourceTree = "<group>"; };
		B94DAB0B2ECFC50000DB65EB /* WorkoutViewModel.swift */ = {isa = PBXFileReference; lastKnownFileType = sourcecode.swift; path = WorkoutViewModel.swift; sourceTree = "<group>"; };
		B94DAB0D2ECFC50000DB65EB /* ExerciseListView.swift */ = {isa = PBXFileReference; lastKnownFileType = sourcecode.swift; path = ExerciseListView.swift; sourceTree = "<group>"; };
		B94DAB0F2ECFC50000DB65EB /* ProgressView.swift */ = {isa = PBXFileReference; lastKnownFileType = sourcecode.swift; path = ProgressView.swift; sourceTree = "<group>"; };
		B94DAB112ECFC50000DB65EB /* SettingsView.swift */ = {isa = PBXFileReference; lastKnownFileType = sourcecode.swift; path = SettingsView.swift; sourceTree = "<group>"; };
		B94DAB132ECFC50000DB65EB /* TabBarView.swift */ = {isa = PBXFileReference; lastKnownFileType = sourcecode.swift; path = TabBarView.swift; sourceTree = "<group>"; };
		B94DAB152ECFC50000DB65EB /* WorkoutDetailView.swift */ = {isa = PBXFileReference; lastKnownFileType = sourcecode.swift; path = WorkoutDetailView.swift; sourceTree = "<group>"; };
		B94DAB172ECFC50000DB65EB /* WorkoutListView.swift */ = {isa = PBXFileReference; lastKnownFileType = sourcecode.swift; path = WorkoutListView.swift; sourceTree = "<group>"; };
		B94DAB192ECFC50000DB65EB /* ExerciseTemplateService.swift */ = {isa = PBXFileReference; lastKnownFileType = sourcecode.swift; path = ExerciseTemplateService.swift; sourceTree = "<group>"; };
		B94DAB1B2ECFC50000DB65EB /* WorkoutService.swift */ = {isa = PBXFileReference; lastKnownFileType = sourcecode.swift; path = WorkoutService.swift; sourceTree = "<group>"; };
		B94DAB1D2ECFC50000DB65EB /* DateFormatter+Extensions.swift */ = {isa = PBXFileReference; lastKnownFileType = sourcecode.swift; path = "DateFormatter+Extensions.swift"; sourceTree = "<group>"; };
		B94DAB1F2ECFC50000DB65EB /* WeightFormatter.swift */ = {isa = PBXFileReference; lastKnownFileType = sourcecode.swift; path = WeightFormatter.swift; sourceTree = "<group>"; };
		B94DAB282ECFC60000DB65EB /* Food.swift */ = {isa = PBXFileReference; lastKnownFileType = sourcecode.swift; path = Food.swift; sourceTree = "<group>"; };
		B94DAB2A2ECFC60000DB65EB /* HomeView.swift */ = {isa = PBXFileReference; lastKnownFileType = sourcecode.swift; path = HomeView.swift; sourceTree = "<group>"; };
		B94DAB2C2ECFC60000DB65EB /* AICoachView.swift */ = {isa = PBXFileReference; lastKnownFileType = sourcecode.swift; path = AICoachView.swift; sourceTree = "<group>"; };
		B94DAB2E2ECFC60000DB65EB /* CommunityView.swift */ = {isa = PBXFileReference; lastKnownFileType = sourcecode.swift; path = CommunityView.swift; sourceTree = "<group>"; };
		B94DAB302ECFC60000DB65EB /* ProfileView.swift */ = {isa = PBXFileReference; lastKnownFileType = sourcecode.swift; path = ProfileView.swift; sourceTree = "<group>"; };
		B94DAB322ECFC60000DB65EB /* NutritionViewModel.swift */ = {isa = PBXFileReference; lastKnownFileType = sourcecode.swift; path = NutritionViewModel.swift; sourceTree = "<group>"; };
		B94DAB342ECFC60000DB65EB /* AICoachViewModel.swift */ = {isa = PBXFileReference; lastKnownFileType = sourcecode.swift; path = AICoachViewModel.swift; sourceTree = "<group>"; };
		B94DAB362ECFC60000DB65EB /* CommunityViewModel.swift */ = {isa = PBXFileReference; lastKnownFileType = sourcecode.swift; path = CommunityViewModel.swift; sourceTree = "<group>"; };
		B94DAB382ECFC60000DB65EB /* ProfileViewModel.swift */ = {isa = PBXFileReference; lastKnownFileType = sourcecode.swift; path = ProfileViewModel.swift; sourceTree = "<group>"; };
		B94DAB3E2ECFC70000DB65EB /* ChatGPTService.swift */ = {isa = PBXFileReference; lastKnownFileType = sourcecode.swift; path = ChatGPTService.swift; sourceTree = "<group>"; };
		B94DAB402ECFC70000DB65EB /* UserContextService.swift */ = {isa = PBXFileReference; lastKnownFileType = sourcecode.swift; path = UserContextService.swift; sourceTree = "<group>"; };
		B94DAB422ECFC70000DB65EB /* APIConfiguration.swift */ = {isa = PBXFileReference; lastKnownFileType = sourcecode.swift; path = APIConfiguration.swift; sourceTree = "<group>"; };
		B94DAB442ECFC80000DB65EB /* HomeViewModel.swift */ = {isa = PBXFileReference; lastKnownFileType = sourcecode.swift; path = HomeViewModel.swift; sourceTree = "<group>"; };
		B94DAB462ECFC85000DB65EB /* StorageService.swift */ = {isa = PBXFileReference; lastKnownFileType = sourcecode.swift; path = StorageService.swift; sourceTree = "<group>"; };
		B94DAB532ECFC85000DB65EB /* ImageCacheService.swift */ = {isa = PBXFileReference; lastKnownFileType = sourcecode.swift; path = ImageCacheService.swift; sourceTree = "<group>"; };
		B94DAB4B2ECFC81000DB65EB /* FoodLoggingView.swift */ = {isa = PBXFileReference; lastKnownFileType = sourcecode.swift; path = FoodLoggingView.swift; sourceTree = "<group>"; };
		B94DAB4D2ECFC82000DB65EB /* ImageUtilities.swift */ = {isa = PBXFileReference; lastKnownFileType = sourcecode.swift; path = ImageUtilities.swift; sourceTree = "<group>"; };
		B94DAB4F2ECFC83000DB65EB /* MealCard.swift */ = {isa = PBXFileReference; lastKnownFileType = sourcecode.swift; path = MealCard.swift; sourceTree = "<group>"; };
		B94DAB512ECFC84000DB65EB /* EditMealView.swift */ = {isa = PBXFileReference; lastKnownFileType = sourcecode.swift; path = EditMealView.swift; sourceTree = "<group>"; };
		B9DDCC912ED14AE4000E97E3 /* UIImage+Base64.swift */ = {isa = PBXFileReference; lastKnownFileType = sourcecode.swift; path = "UIImage+Base64.swift"; sourceTree = "<group>"; };
/* End PBXFileReference section */

/* Begin PBXFileSystemSynchronizedRootGroup section */
		B94DAAD12ECFC2EE00DB65EB /* Gains */ = {
			isa = PBXFileSystemSynchronizedRootGroup;
			path = Gains;
			sourceTree = "<group>";
		};
		B94DAADF2ECFC2EF00DB65EB /* GainsTests */ = {
			isa = PBXFileSystemSynchronizedRootGroup;
			path = GainsTests;
			sourceTree = "<group>";
		};
		B94DAAE92ECFC2EF00DB65EB /* GainsUITests */ = {
			isa = PBXFileSystemSynchronizedRootGroup;
			path = GainsUITests;
			sourceTree = "<group>";
		};
/* End PBXFileSystemSynchronizedRootGroup section */

/* Begin PBXFrameworksBuildPhase section */
		B94DAACC2ECFC2EE00DB65EB /* Frameworks */ = {
			isa = PBXFrameworksBuildPhase;
			buildActionMask = 2147483647;
			files = (
				B933B86F2ECFE26300DC9770 /* FirebaseAnalytics in Frameworks */,
				B933B8712ECFE26300DC9770 /* FirebaseAuth in Frameworks */,
				B933B8732ECFE26300DC9770 /* FirebaseFirestore in Frameworks */,
				B9DDCC902ED1490A000E97E3 /* FirebaseStorage in Frameworks */,
				B933B8792ECFE65300DC9770 /* FirebaseFunctions in Frameworks */,
			);
			runOnlyForDeploymentPostprocessing = 0;
		};
		B94DAAD92ECFC2EF00DB65EB /* Frameworks */ = {
			isa = PBXFrameworksBuildPhase;
			buildActionMask = 2147483647;
			files = (
			);
			runOnlyForDeploymentPostprocessing = 0;
		};
		B94DAAE32ECFC2EF00DB65EB /* Frameworks */ = {
			isa = PBXFrameworksBuildPhase;
			buildActionMask = 2147483647;
			files = (
			);
			runOnlyForDeploymentPostprocessing = 0;
		};
/* End PBXFrameworksBuildPhase section */

/* Begin PBXGroup section */
		B94DAAC62ECFC2EE00DB65EB = {
			isa = PBXGroup;
			children = (
				B933B8E42ECFEE5D00DC9770 /* GoogleService-Info.plist */,
				B94DAAFE2ECFC33E00DB65EB /* Theme */,
				B94DAB202ECFC50000DB65EB /* Utilities */,
				B94DAAFD2ECFC33700DB65EB /* Services */,
				B94DAAFC2ECFC32F00DB65EB /* Views */,
				B94DAAFB2ECFC32700DB65EB /* ViewModels */,
				B94DAAFA2ECFC32100DB65EB /* Models */,
				B94DAAD12ECFC2EE00DB65EB /* Gains */,
				B94DAADF2ECFC2EF00DB65EB /* GainsTests */,
				B94DAAE92ECFC2EF00DB65EB /* GainsUITests */,
				B9DDCC8E2ED1490A000E97E3 /* Frameworks */,
				B94DAAD02ECFC2EE00DB65EB /* Products */,
			);
			sourceTree = "<group>";
		};
		B94DAAD02ECFC2EE00DB65EB /* Products */ = {
			isa = PBXGroup;
			children = (
				B94DAACF2ECFC2EE00DB65EB /* Gains.app */,
				B94DAADC2ECFC2EF00DB65EB /* GainsTests.xctest */,
				B94DAAE62ECFC2EF00DB65EB /* GainsUITests.xctest */,
			);
			name = Products;
			sourceTree = "<group>";
		};
		B94DAAFA2ECFC32100DB65EB /* Models */ = {
			isa = PBXGroup;
			children = (
				B933B87A2ECFE68100DC9770 /* DailyLog.swift */,
				B94DAB032ECFC50000DB65EB /* Exercise.swift */,
				B94DAB052ECFC50000DB65EB /* ExerciseSet.swift */,
				B94DAB072ECFC50000DB65EB /* ExerciseTemplate.swift */,
				B94DAB092ECFC50000DB65EB /* Workout.swift */,
				B94DAB282ECFC60000DB65EB /* Food.swift */,
			);
			path = Models;
			sourceTree = "<group>";
		};
		B94DAAFB2ECFC32700DB65EB /* ViewModels */ = {
			isa = PBXGroup;
			children = (
				B94DAB0B2ECFC50000DB65EB /* WorkoutViewModel.swift */,
				B94DAB322ECFC60000DB65EB /* NutritionViewModel.swift */,
				B94DAB342ECFC60000DB65EB /* AICoachViewModel.swift */,
				B94DAB362ECFC60000DB65EB /* CommunityViewModel.swift */,
				B94DAB382ECFC60000DB65EB /* ProfileViewModel.swift */,
				B94DAB442ECFC80000DB65EB /* HomeViewModel.swift */,
			);
			path = ViewModels;
			sourceTree = "<group>";
		};
		B94DAAFC2ECFC32F00DB65EB /* Views */ = {
			isa = PBXGroup;
			children = (
				B94DAB392ECFC60000DB65EB /* Home */,
				B94DAB3A2ECFC60000DB65EB /* AICoach */,
				B94DAB3B2ECFC60000DB65EB /* Community */,
				B94DAB3C2ECFC60000DB65EB /* Profile */,
				B94DAB212ECFC50000DB65EB /* Workouts */,
				B94DAB222ECFC50000DB65EB /* Settings */,
				B94DAB232ECFC50000DB65EB /* Progress */,
				B94DAB242ECFC50000DB65EB /* Exercises */,
				B94DAAFF2ECFC3AD00DB65EB /* Shared */,
			);
			path = Views;
			sourceTree = "<group>";
		};
		B94DAAFD2ECFC33700DB65EB /* Services */ = {
			isa = PBXGroup;
			children = (
				B933B8762ECFE43700DC9770 /* AuthService.swift */,
				B933B8742ECFE42400DC9770 /* FirestoreService.swift */,
				B94DAB462ECFC85000DB65EB /* StorageService.swift */,
				B94DAB532ECFC85000DB65EB /* ImageCacheService.swift */,
				B94DAB192ECFC50000DB65EB /* ExerciseTemplateService.swift */,
				B94DAB1B2ECFC50000DB65EB /* WorkoutService.swift */,
				B94DAB3E2ECFC70000DB65EB /* ChatGPTService.swift */,
				B94DAB402ECFC70000DB65EB /* UserContextService.swift */,
				B94DAB422ECFC70000DB65EB /* APIConfiguration.swift */,
			);
			path = Services;
			sourceTree = "<group>";
		};
		B94DAAFE2ECFC33E00DB65EB /* Theme */ = {
			isa = PBXGroup;
			children = (
				B94DAB002ECFC3DE00DB65EB /* colors.swift */,
				B94DAB012ECFC46600DB65EB /* GainsAIApp.swift */,
			);
			path = Theme;
			sourceTree = "<group>";
		};
		B94DAAFF2ECFC3AD00DB65EB /* Shared */ = {
			isa = PBXGroup;
			children = (
				B94DAAD42ECFC2EE00DB65EB /* ContentView.swift */,
				B94DAB132ECFC50000DB65EB /* TabBarView.swift */,
			);
			path = Shared;
			sourceTree = "<group>";
		};
		B94DAB202ECFC50000DB65EB /* Utilities */ = {
			isa = PBXGroup;
			children = (
				B94DAB1D2ECFC50000DB65EB /* DateFormatter+Extensions.swift */,
				B94DAB1F2ECFC50000DB65EB /* WeightFormatter.swift */,
				B94DAB4D2ECFC82000DB65EB /* ImageUtilities.swift */,
			);
			path = Utilities;
			sourceTree = "<group>";
		};
		B94DAB212ECFC50000DB65EB /* Workouts */ = {
			isa = PBXGroup;
			children = (
				B94DAB152ECFC50000DB65EB /* WorkoutDetailView.swift */,
				B94DAB172ECFC50000DB65EB /* WorkoutListView.swift */,
			);
			path = Workouts;
			sourceTree = "<group>";
		};
		B94DAB222ECFC50000DB65EB /* Settings */ = {
			isa = PBXGroup;
			children = (
				B94DAB112ECFC50000DB65EB /* SettingsView.swift */,
			);
			path = Settings;
			sourceTree = "<group>";
		};
		B94DAB232ECFC50000DB65EB /* Progress */ = {
			isa = PBXGroup;
			children = (
				B94DAB0F2ECFC50000DB65EB /* ProgressView.swift */,
			);
			path = Progress;
			sourceTree = "<group>";
		};
		B94DAB242ECFC50000DB65EB /* Exercises */ = {
			isa = PBXGroup;
			children = (
				B94DAB0D2ECFC50000DB65EB /* ExerciseListView.swift */,
			);
			path = Exercises;
			sourceTree = "<group>";
		};
		B94DAB392ECFC60000DB65EB /* Home */ = {
			isa = PBXGroup;
			children = (
				B94DAB2A2ECFC60000DB65EB /* HomeView.swift */,
				B94DAB4B2ECFC81000DB65EB /* FoodLoggingView.swift */,
				B94DAB4F2ECFC83000DB65EB /* MealCard.swift */,
				B94DAB512ECFC84000DB65EB /* EditMealView.swift */,
				B9DDCC912ED14AE4000E97E3 /* UIImage+Base64.swift */,
			);
			path = Home;
			sourceTree = "<group>";
		};
		B94DAB3A2ECFC60000DB65EB /* AICoach */ = {
			isa = PBXGroup;
			children = (
				B94DAB2C2ECFC60000DB65EB /* AICoachView.swift */,
			);
			path = AICoach;
			sourceTree = "<group>";
		};
		B94DAB3B2ECFC60000DB65EB /* Community */ = {
			isa = PBXGroup;
			children = (
				B94DAB2E2ECFC60000DB65EB /* CommunityView.swift */,
			);
			path = Community;
			sourceTree = "<group>";
		};
		B94DAB3C2ECFC60000DB65EB /* Profile */ = {
			isa = PBXGroup;
			children = (
				B94DAB302ECFC60000DB65EB /* ProfileView.swift */,
			);
			path = Profile;
			sourceTree = "<group>";
		};
		B9DDCC8E2ED1490A000E97E3 /* Frameworks */ = {
			isa = PBXGroup;
			children = (
			);
			name = Frameworks;
			sourceTree = "<group>";
		};
/* End PBXGroup section */

/* Begin PBXNativeTarget section */
		B94DAACE2ECFC2EE00DB65EB /* Gains */ = {
			isa = PBXNativeTarget;
			buildConfigurationList = B94DAAF02ECFC2EF00DB65EB /* Build configuration list for PBXNativeTarget "Gains" */;
			buildPhases = (
				B94DAACB2ECFC2EE00DB65EB /* Sources */,
				B94DAACC2ECFC2EE00DB65EB /* Frameworks */,
				B94DAACD2ECFC2EE00DB65EB /* Resources */,
			);
			buildRules = (
			);
			dependencies = (
			);
			fileSystemSynchronizedGroups = (
				B94DAAD12ECFC2EE00DB65EB /* Gains */,
			);
			name = Gains;
			packageProductDependencies = (
				B933B86E2ECFE26300DC9770 /* FirebaseAnalytics */,
				B933B8702ECFE26300DC9770 /* FirebaseAuth */,
				B933B8722ECFE26300DC9770 /* FirebaseFirestore */,
				B933B8782ECFE65300DC9770 /* FirebaseFunctions */,
				B9DDCC8F2ED1490A000E97E3 /* FirebaseStorage */,
			);
			productName = Gains;
			productReference = B94DAACF2ECFC2EE00DB65EB /* Gains.app */;
			productType = "com.apple.product-type.application";
		};
		B94DAADB2ECFC2EF00DB65EB /* GainsTests */ = {
			isa = PBXNativeTarget;
			buildConfigurationList = B94DAAF32ECFC2EF00DB65EB /* Build configuration list for PBXNativeTarget "GainsTests" */;
			buildPhases = (
				B94DAAD82ECFC2EF00DB65EB /* Sources */,
				B94DAAD92ECFC2EF00DB65EB /* Frameworks */,
				B94DAADA2ECFC2EF00DB65EB /* Resources */,
			);
			buildRules = (
			);
			dependencies = (
				B94DAADE2ECFC2EF00DB65EB /* PBXTargetDependency */,
			);
			fileSystemSynchronizedGroups = (
				B94DAADF2ECFC2EF00DB65EB /* GainsTests */,
			);
			name = GainsTests;
			packageProductDependencies = (
			);
			productName = GainsTests;
			productReference = B94DAADC2ECFC2EF00DB65EB /* GainsTests.xctest */;
			productType = "com.apple.product-type.bundle.unit-test";
		};
		B94DAAE52ECFC2EF00DB65EB /* GainsUITests */ = {
			isa = PBXNativeTarget;
			buildConfigurationList = B94DAAF62ECFC2EF00DB65EB /* Build configuration list for PBXNativeTarget "GainsUITests" */;
			buildPhases = (
				B94DAAE22ECFC2EF00DB65EB /* Sources */,
				B94DAAE32ECFC2EF00DB65EB /* Frameworks */,
				B94DAAE42ECFC2EF00DB65EB /* Resources */,
			);
			buildRules = (
			);
			dependencies = (
				B94DAAE82ECFC2EF00DB65EB /* PBXTargetDependency */,
			);
			fileSystemSynchronizedGroups = (
				B94DAAE92ECFC2EF00DB65EB /* GainsUITests */,
			);
			name = GainsUITests;
			packageProductDependencies = (
			);
			productName = GainsUITests;
			productReference = B94DAAE62ECFC2EF00DB65EB /* GainsUITests.xctest */;
			productType = "com.apple.product-type.bundle.ui-testing";
		};
/* End PBXNativeTarget section */

/* Begin PBXProject section */
		B94DAAC72ECFC2EE00DB65EB /* Project object */ = {
			isa = PBXProject;
			attributes = {
				BuildIndependentTargetsInParallel = 1;
				LastSwiftUpdateCheck = 2610;
				LastUpgradeCheck = 2610;
				TargetAttributes = {
					B94DAACE2ECFC2EE00DB65EB = {
						CreatedOnToolsVersion = 26.1;
					};
					B94DAADB2ECFC2EF00DB65EB = {
						CreatedOnToolsVersion = 26.1;
						TestTargetID = B94DAACE2ECFC2EE00DB65EB;
					};
					B94DAAE52ECFC2EF00DB65EB = {
						CreatedOnToolsVersion = 26.1;
						TestTargetID = B94DAACE2ECFC2EE00DB65EB;
					};
				};
			};
			buildConfigurationList = B94DAACA2ECFC2EE00DB65EB /* Build configuration list for PBXProject "Gains" */;
			developmentRegion = en;
			hasScannedForEncodings = 0;
			knownRegions = (
				en,
				Base,
			);
			mainGroup = B94DAAC62ECFC2EE00DB65EB;
			minimizedProjectReferenceProxies = 1;
			packageReferences = (
				B933B86D2ECFE26300DC9770 /* XCRemoteSwiftPackageReference "firebase-ios-sdk" */,
			);
			preferredProjectObjectVersion = 77;
			productRefGroup = B94DAAD02ECFC2EE00DB65EB /* Products */;
			projectDirPath = "";
			projectRoot = "";
			targets = (
				B94DAACE2ECFC2EE00DB65EB /* Gains */,
				B94DAADB2ECFC2EF00DB65EB /* GainsTests */,
				B94DAAE52ECFC2EF00DB65EB /* GainsUITests */,
			);
		};
/* End PBXProject section */

/* Begin PBXResourcesBuildPhase section */
		B94DAACD2ECFC2EE00DB65EB /* Resources */ = {
			isa = PBXResourcesBuildPhase;
			buildActionMask = 2147483647;
			files = (
				B933B8E52ECFEE5D00DC9770 /* GoogleService-Info.plist in Resources */,
			);
			runOnlyForDeploymentPostprocessing = 0;
		};
		B94DAADA2ECFC2EF00DB65EB /* Resources */ = {
			isa = PBXResourcesBuildPhase;
			buildActionMask = 2147483647;
			files = (
			);
			runOnlyForDeploymentPostprocessing = 0;
		};
		B94DAAE42ECFC2EF00DB65EB /* Resources */ = {
			isa = PBXResourcesBuildPhase;
			buildActionMask = 2147483647;
			files = (
			);
			runOnlyForDeploymentPostprocessing = 0;
		};
/* End PBXResourcesBuildPhase section */

/* Begin PBXSourcesBuildPhase section */
		B94DAACB2ECFC2EE00DB65EB /* Sources */ = {
			isa = PBXSourcesBuildPhase;
			buildActionMask = 2147483647;
			files = (
				B94DAAD52ECFC2EE00DB65EB /* ContentView.swift in Sources */,
				B933B87B2ECFE68400DC9770 /* DailyLog.swift in Sources */,
				B9DDCC922ED14AE4000E97E3 /* UIImage+Base64.swift in Sources */,
				B94DAB022ECFC50000DB65EB /* Exercise.swift in Sources */,
				B94DAB042ECFC50000DB65EB /* ExerciseSet.swift in Sources */,
				B94DAB062ECFC50000DB65EB /* ExerciseTemplate.swift in Sources */,
				B94DAB082ECFC50000DB65EB /* Workout.swift in Sources */,
				B94DAB0A2ECFC50000DB65EB /* WorkoutViewModel.swift in Sources */,
				B94DAB0C2ECFC50000DB65EB /* ExerciseListView.swift in Sources */,
				B94DAB0E2ECFC50000DB65EB /* ProgressView.swift in Sources */,
				B94DAB102ECFC50000DB65EB /* SettingsView.swift in Sources */,
				B94DAB122ECFC50000DB65EB /* TabBarView.swift in Sources */,
				B94DAB142ECFC50000DB65EB /* WorkoutDetailView.swift in Sources */,
				B94DAB162ECFC50000DB65EB /* WorkoutListView.swift in Sources */,
				B933B8752ECFE42900DC9770 /* FirestoreService.swift in Sources */,
				B94DAB452ECFC85000DB65EB /* StorageService.swift in Sources */,
				B94DAB522ECFC85000DB65EB /* ImageCacheService.swift in Sources */,
				B94DAB182ECFC50000DB65EB /* ExerciseTemplateService.swift in Sources */,
				B94DAB1A2ECFC50000DB65EB /* WorkoutService.swift in Sources */,
				B933B8772ECFE43900DC9770 /* AuthService.swift in Sources */,
				B94DAB1C2ECFC50000DB65EB /* DateFormatter+Extensions.swift in Sources */,
				B94DAB1E2ECFC50000DB65EB /* WeightFormatter.swift in Sources */,
				B94DAB4C2ECFC82000DB65EB /* ImageUtilities.swift in Sources */,
				B94DAB252ECFC50000DB65EB /* colors.swift in Sources */,
				B94DAB272ECFC60000DB65EB /* Food.swift in Sources */,
				B94DAB292ECFC60000DB65EB /* HomeView.swift in Sources */,
				B94DAB4A2ECFC81000DB65EB /* FoodLoggingView.swift in Sources */,
				B94DAB4E2ECFC83000DB65EB /* MealCard.swift in Sources */,
				B94DAB502ECFC84000DB65EB /* EditMealView.swift in Sources */,
				B94DAB2B2ECFC60000DB65EB /* AICoachView.swift in Sources */,
				B94DAB2D2ECFC60000DB65EB /* CommunityView.swift in Sources */,
				B94DAB2F2ECFC60000DB65EB /* ProfileView.swift in Sources */,
				B94DAB312ECFC60000DB65EB /* NutritionViewModel.swift in Sources */,
				B94DAB332ECFC60000DB65EB /* AICoachViewModel.swift in Sources */,
				B94DAB352ECFC60000DB65EB /* CommunityViewModel.swift in Sources */,
				B94DAB372ECFC60000DB65EB /* ProfileViewModel.swift in Sources */,
				B94DAB432ECFC80000DB65EB /* HomeViewModel.swift in Sources */,
				B94DAB3D2ECFC70000DB65EB /* ChatGPTService.swift in Sources */,
				B94DAB3F2ECFC70000DB65EB /* UserContextService.swift in Sources */,
				B94DAB412ECFC70000DB65EB /* APIConfiguration.swift in Sources */,
			);
			runOnlyForDeploymentPostprocessing = 0;
		};
		B94DAAD82ECFC2EF00DB65EB /* Sources */ = {
			isa = PBXSourcesBuildPhase;
			buildActionMask = 2147483647;
			files = (
			);
			runOnlyForDeploymentPostprocessing = 0;
		};
		B94DAAE22ECFC2EF00DB65EB /* Sources */ = {
			isa = PBXSourcesBuildPhase;
			buildActionMask = 2147483647;
			files = (
			);
			runOnlyForDeploymentPostprocessing = 0;
		};
/* End PBXSourcesBuildPhase section */

/* Begin PBXTargetDependency section */
		B94DAADE2ECFC2EF00DB65EB /* PBXTargetDependency */ = {
			isa = PBXTargetDependency;
			target = B94DAACE2ECFC2EE00DB65EB /* Gains */;
			targetProxy = B94DAADD2ECFC2EF00DB65EB /* PBXContainerItemProxy */;
		};
		B94DAAE82ECFC2EF00DB65EB /* PBXTargetDependency */ = {
			isa = PBXTargetDependency;
			target = B94DAACE2ECFC2EE00DB65EB /* Gains */;
			targetProxy = B94DAAE72ECFC2EF00DB65EB /* PBXContainerItemProxy */;
		};
/* End PBXTargetDependency section */

/* Begin XCBuildConfiguration section */
		B94DAAEE2ECFC2EF00DB65EB /* Debug */ = {
			isa = XCBuildConfiguration;
			buildSettings = {
				ALWAYS_SEARCH_USER_PATHS = NO;
				ASSETCATALOG_COMPILER_GENERATE_SWIFT_ASSET_SYMBOL_EXTENSIONS = YES;
				CLANG_ANALYZER_NONNULL = YES;
				CLANG_ANALYZER_NUMBER_OBJECT_CONVERSION = YES_AGGRESSIVE;
				CLANG_CXX_LANGUAGE_STANDARD = "gnu++20";
				CLANG_ENABLE_MODULES = YES;
				CLANG_ENABLE_OBJC_ARC = YES;
				CLANG_ENABLE_OBJC_WEAK = YES;
				CLANG_WARN_BLOCK_CAPTURE_AUTORELEASING = YES;
				CLANG_WARN_BOOL_CONVERSION = YES;
				CLANG_WARN_COMMA = YES;
				CLANG_WARN_CONSTANT_CONVERSION = YES;
				CLANG_WARN_DEPRECATED_OBJC_IMPLEMENTATIONS = YES;
				CLANG_WARN_DIRECT_OBJC_ISA_USAGE = YES_ERROR;
				CLANG_WARN_DOCUMENTATION_COMMENTS = YES;
				CLANG_WARN_EMPTY_BODY = YES;
				CLANG_WARN_ENUM_CONVERSION = YES;
				CLANG_WARN_INFINITE_RECURSION = YES;
				CLANG_WARN_INT_CONVERSION = YES;
				CLANG_WARN_NON_LITERAL_NULL_CONVERSION = YES;
				CLANG_WARN_OBJC_IMPLICIT_RETAIN_SELF = YES;
				CLANG_WARN_OBJC_LITERAL_CONVERSION = YES;
				CLANG_WARN_OBJC_ROOT_CLASS = YES_ERROR;
				CLANG_WARN_QUOTED_INCLUDE_IN_FRAMEWORK_HEADER = YES;
				CLANG_WARN_RANGE_LOOP_ANALYSIS = YES;
				CLANG_WARN_STRICT_PROTOTYPES = YES;
				CLANG_WARN_SUSPICIOUS_MOVE = YES;
				CLANG_WARN_UNGUARDED_AVAILABILITY = YES_AGGRESSIVE;
				CLANG_WARN_UNREACHABLE_CODE = YES;
				CLANG_WARN__DUPLICATE_METHOD_MATCH = YES;
				COPY_PHASE_STRIP = NO;
				DEBUG_INFORMATION_FORMAT = dwarf;
				DEVELOPMENT_TEAM = X5XJ4X2G7Q;
				ENABLE_STRICT_OBJC_MSGSEND = YES;
				ENABLE_TESTABILITY = YES;
				ENABLE_USER_SCRIPT_SANDBOXING = YES;
				GCC_C_LANGUAGE_STANDARD = gnu17;
				GCC_DYNAMIC_NO_PIC = NO;
				GCC_NO_COMMON_BLOCKS = YES;
				GCC_OPTIMIZATION_LEVEL = 0;
				GCC_PREPROCESSOR_DEFINITIONS = (
					"DEBUG=1",
					"$(inherited)",
				);
				GCC_WARN_64_TO_32_BIT_CONVERSION = YES;
				GCC_WARN_ABOUT_RETURN_TYPE = YES_ERROR;
				GCC_WARN_UNDECLARED_SELECTOR = YES;
				GCC_WARN_UNINITIALIZED_AUTOS = YES_AGGRESSIVE;
				GCC_WARN_UNUSED_FUNCTION = YES;
				GCC_WARN_UNUSED_VARIABLE = YES;
				IPHONEOS_DEPLOYMENT_TARGET = 26.1;
				LOCALIZATION_PREFERS_STRING_CATALOGS = YES;
				MTL_ENABLE_DEBUG_INFO = INCLUDE_SOURCE;
				MTL_FAST_MATH = YES;
				ONLY_ACTIVE_ARCH = YES;
				SDKROOT = iphoneos;
				SWIFT_ACTIVE_COMPILATION_CONDITIONS = "DEBUG $(inherited)";
				SWIFT_OPTIMIZATION_LEVEL = "-Onone";
			};
			name = Debug;
		};
		B94DAAEF2ECFC2EF00DB65EB /* Release */ = {
			isa = XCBuildConfiguration;
			buildSettings = {
				ALWAYS_SEARCH_USER_PATHS = NO;
				ASSETCATALOG_COMPILER_GENERATE_SWIFT_ASSET_SYMBOL_EXTENSIONS = YES;
				CLANG_ANALYZER_NONNULL = YES;
				CLANG_ANALYZER_NUMBER_OBJECT_CONVERSION = YES_AGGRESSIVE;
				CLANG_CXX_LANGUAGE_STANDARD = "gnu++20";
				CLANG_ENABLE_MODULES = YES;
				CLANG_ENABLE_OBJC_ARC = YES;
				CLANG_ENABLE_OBJC_WEAK = YES;
				CLANG_WARN_BLOCK_CAPTURE_AUTORELEASING = YES;
				CLANG_WARN_BOOL_CONVERSION = YES;
				CLANG_WARN_COMMA = YES;
				CLANG_WARN_CONSTANT_CONVERSION = YES;
				CLANG_WARN_DEPRECATED_OBJC_IMPLEMENTATIONS = YES;
				CLANG_WARN_DIRECT_OBJC_ISA_USAGE = YES_ERROR;
				CLANG_WARN_DOCUMENTATION_COMMENTS = YES;
				CLANG_WARN_EMPTY_BODY = YES;
				CLANG_WARN_ENUM_CONVERSION = YES;
				CLANG_WARN_INFINITE_RECURSION = YES;
				CLANG_WARN_INT_CONVERSION = YES;
				CLANG_WARN_NON_LITERAL_NULL_CONVERSION = YES;
				CLANG_WARN_OBJC_IMPLICIT_RETAIN_SELF = YES;
				CLANG_WARN_OBJC_LITERAL_CONVERSION = YES;
				CLANG_WARN_OBJC_ROOT_CLASS = YES_ERROR;
				CLANG_WARN_QUOTED_INCLUDE_IN_FRAMEWORK_HEADER = YES;
				CLANG_WARN_RANGE_LOOP_ANALYSIS = YES;
				CLANG_WARN_STRICT_PROTOTYPES = YES;
				CLANG_WARN_SUSPICIOUS_MOVE = YES;
				CLANG_WARN_UNGUARDED_AVAILABILITY = YES_AGGRESSIVE;
				CLANG_WARN_UNREACHABLE_CODE = YES;
				CLANG_WARN__DUPLICATE_METHOD_MATCH = YES;
				COPY_PHASE_STRIP = NO;
				DEBUG_INFORMATION_FORMAT = "dwarf-with-dsym";
				DEVELOPMENT_TEAM = X5XJ4X2G7Q;
				ENABLE_NS_ASSERTIONS = NO;
				ENABLE_STRICT_OBJC_MSGSEND = YES;
				ENABLE_USER_SCRIPT_SANDBOXING = YES;
				GCC_C_LANGUAGE_STANDARD = gnu17;
				GCC_NO_COMMON_BLOCKS = YES;
				GCC_WARN_64_TO_32_BIT_CONVERSION = YES;
				GCC_WARN_ABOUT_RETURN_TYPE = YES_ERROR;
				GCC_WARN_UNDECLARED_SELECTOR = YES;
				GCC_WARN_UNINITIALIZED_AUTOS = YES_AGGRESSIVE;
				GCC_WARN_UNUSED_FUNCTION = YES;
				GCC_WARN_UNUSED_VARIABLE = YES;
				IPHONEOS_DEPLOYMENT_TARGET = 26.1;
				LOCALIZATION_PREFERS_STRING_CATALOGS = YES;
				MTL_ENABLE_DEBUG_INFO = NO;
				MTL_FAST_MATH = YES;
				SDKROOT = iphoneos;
				SWIFT_COMPILATION_MODE = wholemodule;
				VALIDATE_PRODUCT = YES;
			};
			name = Release;
		};
		B94DAAF12ECFC2EF00DB65EB /* Debug */ = {
			isa = XCBuildConfiguration;
			buildSettings = {
				ASSETCATALOG_COMPILER_APPICON_NAME = AppIcon;
				ASSETCATALOG_COMPILER_GLOBAL_ACCENT_COLOR_NAME = AccentColor;
				CODE_SIGN_STYLE = Automatic;
				CURRENT_PROJECT_VERSION = 1;
				DEVELOPMENT_TEAM = X5XJ4X2G7Q;
				ENABLE_PREVIEWS = YES;
				GENERATE_INFOPLIST_FILE = YES;
				INFOPLIST_KEY_UIApplicationSceneManifest_Generation = YES;
				INFOPLIST_KEY_UIApplicationSupportsIndirectInputEvents = YES;
				INFOPLIST_KEY_UILaunchScreen_Generation = YES;
				INFOPLIST_KEY_UISupportedInterfaceOrientations_iPad = "UIInterfaceOrientationPortrait UIInterfaceOrientationPortraitUpsideDown UIInterfaceOrientationLandscapeLeft UIInterfaceOrientationLandscapeRight";
				INFOPLIST_KEY_UISupportedInterfaceOrientations_iPhone = "UIInterfaceOrientationPortrait UIInterfaceOrientationLandscapeLeft UIInterfaceOrientationLandscapeRight";
				LD_RUNPATH_SEARCH_PATHS = (
					"$(inherited)",
					"@executable_path/Frameworks",
				);
				MARKETING_VERSION = 1.0;
				PRODUCT_BUNDLE_IDENTIFIER = com.rayaan.Gains;
				PRODUCT_NAME = "$(TARGET_NAME)";
				STRING_CATALOG_GENERATE_SYMBOLS = YES;
				SWIFT_APPROACHABLE_CONCURRENCY = YES;
				SWIFT_DEFAULT_ACTOR_ISOLATION = MainActor;
				SWIFT_EMIT_LOC_STRINGS = YES;
				SWIFT_UPCOMING_FEATURE_MEMBER_IMPORT_VISIBILITY = YES;
				SWIFT_VERSION = 5.0;
				TARGETED_DEVICE_FAMILY = "1,2";
			};
			name = Debug;
		};
		B94DAAF22ECFC2EF00DB65EB /* Release */ = {
			isa = XCBuildConfiguration;
			buildSettings = {
				ASSETCATALOG_COMPILER_APPICON_NAME = AppIcon;
				ASSETCATALOG_COMPILER_GLOBAL_ACCENT_COLOR_NAME = AccentColor;
				CODE_SIGN_STYLE = Automatic;
				CURRENT_PROJECT_VERSION = 1;
				DEVELOPMENT_TEAM = X5XJ4X2G7Q;
				ENABLE_PREVIEWS = YES;
				GENERATE_INFOPLIST_FILE = YES;
				INFOPLIST_KEY_UIApplicationSceneManifest_Generation = YES;
				INFOPLIST_KEY_UIApplicationSupportsIndirectInputEvents = YES;
				INFOPLIST_KEY_UILaunchScreen_Generation = YES;
				INFOPLIST_KEY_UISupportedInterfaceOrientations_iPad = "UIInterfaceOrientationPortrait UIInterfaceOrientationPortraitUpsideDown UIInterfaceOrientationLandscapeLeft UIInterfaceOrientationLandscapeRight";
				INFOPLIST_KEY_UISupportedInterfaceOrientations_iPhone = "UIInterfaceOrientationPortrait UIInterfaceOrientationLandscapeLeft UIInterfaceOrientationLandscapeRight";
				LD_RUNPATH_SEARCH_PATHS = (
					"$(inherited)",
					"@executable_path/Frameworks",
				);
				MARKETING_VERSION = 1.0;
				PRODUCT_BUNDLE_IDENTIFIER = com.rayaan.Gains;
				PRODUCT_NAME = "$(TARGET_NAME)";
				STRING_CATALOG_GENERATE_SYMBOLS = YES;
				SWIFT_APPROACHABLE_CONCURRENCY = YES;
				SWIFT_DEFAULT_ACTOR_ISOLATION = MainActor;
				SWIFT_EMIT_LOC_STRINGS = YES;
				SWIFT_UPCOMING_FEATURE_MEMBER_IMPORT_VISIBILITY = YES;
				SWIFT_VERSION = 5.0;
				TARGETED_DEVICE_FAMILY = "1,2";
			};
			name = Release;
		};
		B94DAAF42ECFC2EF00DB65EB /* Debug */ = {
			isa = XCBuildConfiguration;
			buildSettings = {
				BUNDLE_LOADER = "$(TEST_HOST)";
				CODE_SIGN_STYLE = Automatic;
				CURRENT_PROJECT_VERSION = 1;
				DEVELOPMENT_TEAM = X5XJ4X2G7Q;
				GENERATE_INFOPLIST_FILE = YES;
				IPHONEOS_DEPLOYMENT_TARGET = 26.1;
				MARKETING_VERSION = 1.0;
				PRODUCT_BUNDLE_IDENTIFIER = com.rayaan.GainsTests;
				PRODUCT_NAME = "$(TARGET_NAME)";
				STRING_CATALOG_GENERATE_SYMBOLS = NO;
				SWIFT_APPROACHABLE_CONCURRENCY = YES;
				SWIFT_EMIT_LOC_STRINGS = NO;
				SWIFT_UPCOMING_FEATURE_MEMBER_IMPORT_VISIBILITY = YES;
				SWIFT_VERSION = 5.0;
				TARGETED_DEVICE_FAMILY = "1,2";
				TEST_HOST = "$(BUILT_PRODUCTS_DIR)/Gains.app/$(BUNDLE_EXECUTABLE_FOLDER_PATH)/Gains";
			};
			name = Debug;
		};
		B94DAAF52ECFC2EF00DB65EB /* Release */ = {
			isa = XCBuildConfiguration;
			buildSettings = {
				BUNDLE_LOADER = "$(TEST_HOST)";
				CODE_SIGN_STYLE = Automatic;
				CURRENT_PROJECT_VERSION = 1;
				DEVELOPMENT_TEAM = X5XJ4X2G7Q;
				GENERATE_INFOPLIST_FILE = YES;
				IPHONEOS_DEPLOYMENT_TARGET = 26.1;
				MARKETING_VERSION = 1.0;
				PRODUCT_BUNDLE_IDENTIFIER = com.rayaan.GainsTests;
				PRODUCT_NAME = "$(TARGET_NAME)";
				STRING_CATALOG_GENERATE_SYMBOLS = NO;
				SWIFT_APPROACHABLE_CONCURRENCY = YES;
				SWIFT_EMIT_LOC_STRINGS = NO;
				SWIFT_UPCOMING_FEATURE_MEMBER_IMPORT_VISIBILITY = YES;
				SWIFT_VERSION = 5.0;
				TARGETED_DEVICE_FAMILY = "1,2";
				TEST_HOST = "$(BUILT_PRODUCTS_DIR)/Gains.app/$(BUNDLE_EXECUTABLE_FOLDER_PATH)/Gains";
			};
			name = Release;
		};
		B94DAAF72ECFC2EF00DB65EB /* Debug */ = {
			isa = XCBuildConfiguration;
			buildSettings = {
				CODE_SIGN_STYLE = Automatic;
				CURRENT_PROJECT_VERSION = 1;
				DEVELOPMENT_TEAM = X5XJ4X2G7Q;
				GENERATE_INFOPLIST_FILE = YES;
				MARKETING_VERSION = 1.0;
				PRODUCT_BUNDLE_IDENTIFIER = com.rayaan.GainsUITests;
				PRODUCT_NAME = "$(TARGET_NAME)";
				STRING_CATALOG_GENERATE_SYMBOLS = NO;
				SWIFT_APPROACHABLE_CONCURRENCY = YES;
				SWIFT_EMIT_LOC_STRINGS = NO;
				SWIFT_UPCOMING_FEATURE_MEMBER_IMPORT_VISIBILITY = YES;
				SWIFT_VERSION = 5.0;
				TARGETED_DEVICE_FAMILY = "1,2";
				TEST_TARGET_NAME = Gains;
			};
			name = Debug;
		};
		B94DAAF82ECFC2EF00DB65EB /* Release */ = {
			isa = XCBuildConfiguration;
			buildSettings = {
				CODE_SIGN_STYLE = Automatic;
				CURRENT_PROJECT_VERSION = 1;
				DEVELOPMENT_TEAM = X5XJ4X2G7Q;
				GENERATE_INFOPLIST_FILE = YES;
				MARKETING_VERSION = 1.0;
				PRODUCT_BUNDLE_IDENTIFIER = com.rayaan.GainsUITests;
				PRODUCT_NAME = "$(TARGET_NAME)";
				STRING_CATALOG_GENERATE_SYMBOLS = NO;
				SWIFT_APPROACHABLE_CONCURRENCY = YES;
				SWIFT_EMIT_LOC_STRINGS = NO;
				SWIFT_UPCOMING_FEATURE_MEMBER_IMPORT_VISIBILITY = YES;
				SWIFT_VERSION = 5.0;
				TARGETED_DEVICE_FAMILY = "1,2";
				TEST_TARGET_NAME = Gains;
			};
			name = Release;
		};
/* End XCBuildConfiguration section */

/* Begin XCConfigurationList section */
		B94DAACA2ECFC2EE00DB65EB /* Build configuration list for PBXProject "Gains" */ = {
			isa = XCConfigurationList;
			buildConfigurations = (
				B94DAAEE2ECFC2EF00DB65EB /* Debug */,
				B94DAAEF2ECFC2EF00DB65EB /* Release */,
			);
			defaultConfigurationIsVisible = 0;
			defaultConfigurationName = Release;
		};
		B94DAAF02ECFC2EF00DB65EB /* Build configuration list for PBXNativeTarget "Gains" */ = {
			isa = XCConfigurationList;
			buildConfigurations = (
				B94DAAF12ECFC2EF00DB65EB /* Debug */,
				B94DAAF22ECFC2EF00DB65EB /* Release */,
			);
			defaultConfigurationIsVisible = 0;
			defaultConfigurationName = Release;
		};
		B94DAAF32ECFC2EF00DB65EB /* Build configuration list for PBXNativeTarget "GainsTests" */ = {
			isa = XCConfigurationList;
			buildConfigurations = (
				B94DAAF42ECFC2EF00DB65EB /* Debug */,
				B94DAAF52ECFC2EF00DB65EB /* Release */,
			);
			defaultConfigurationIsVisible = 0;
			defaultConfigurationName = Release;
		};
		B94DAAF62ECFC2EF00DB65EB /* Build configuration list for PBXNativeTarget "GainsUITests" */ = {
			isa = XCConfigurationList;
			buildConfigurations = (
				B94DAAF72ECFC2EF00DB65EB /* Debug */,
				B94DAAF82ECFC2EF00DB65EB /* Release */,
			);
			defaultConfigurationIsVisible = 0;
			defaultConfigurationName = Release;
		};
/* End XCConfigurationList section */

/* Begin XCRemoteSwiftPackageReference section */
		B933B86D2ECFE26300DC9770 /* XCRemoteSwiftPackageReference "firebase-ios-sdk" */ = {
			isa = XCRemoteSwiftPackageReference;
			repositoryURL = "https://github.com/firebase/firebase-ios-sdk";
			requirement = {
				kind = upToNextMajorVersion;
				minimumVersion = 12.6.0;
			};
		};
/* End XCRemoteSwiftPackageReference section */

/* Begin XCSwiftPackageProductDependency section */
		B933B86E2ECFE26300DC9770 /* FirebaseAnalytics */ = {
			isa = XCSwiftPackageProductDependency;
			package = B933B86D2ECFE26300DC9770 /* XCRemoteSwiftPackageReference "firebase-ios-sdk" */;
			productName = FirebaseAnalytics;
		};
		B933B8702ECFE26300DC9770 /* FirebaseAuth */ = {
			isa = XCSwiftPackageProductDependency;
			package = B933B86D2ECFE26300DC9770 /* XCRemoteSwiftPackageReference "firebase-ios-sdk" */;
			productName = FirebaseAuth;
		};
		B933B8722ECFE26300DC9770 /* FirebaseFirestore */ = {
			isa = XCSwiftPackageProductDependency;
			package = B933B86D2ECFE26300DC9770 /* XCRemoteSwiftPackageReference "firebase-ios-sdk" */;
			productName = FirebaseFirestore;
		};
		B933B8782ECFE65300DC9770 /* FirebaseFunctions */ = {
			isa = XCSwiftPackageProductDependency;
			package = B933B86D2ECFE26300DC9770 /* XCRemoteSwiftPackageReference "firebase-ios-sdk" */;
			productName = FirebaseFunctions;
		};
		B9DDCC8F2ED1490A000E97E3 /* FirebaseStorage */ = {
			isa = XCSwiftPackageProductDependency;
			package = B933B86D2ECFE26300DC9770 /* XCRemoteSwiftPackageReference "firebase-ios-sdk" */;
			productName = FirebaseStorage;
		};
/* End XCSwiftPackageProductDependency section */
	};
	rootObject = B94DAAC72ECFC2EE00DB65EB /* Project object */;
}
