// !$*UTF8*$!
{
	archiveVersion = 1;
	classes = {
	};
	objectVersion = 77;
	objects = {

/* Begin PBXBuildFile section */
		B94DAAD52ECFC2EE00DB65EB /* ContentView.swift in Sources */ = {isa = PBXBuildFile; fileRef = B94DAAD42ECFC2EE00DB65EB /* ContentView.swift */; };
/* End PBXBuildFile section */

/* Begin PBXContainerItemProxy section */
		B94DAADD2ECFC2EF00DB65EB /* PBXContainerItemProxy */ = {
			isa = PBXContainerItemProxy;
			containerPortal = B94DAAC72ECFC2EE00DB65EB /* Project object */;
			proxyType = 1;
			remoteGlobalIDString = B94DAACE2ECFC2EE00DB65EB;
			remoteInfo = Gains;
		};
		B94DAAE72ECFC2EF00DB65EB /* PBXContainerItemProxy */ = {
			isa = PBXContainerItemProxy;
			containerPortal = B94DAAC72ECFC2EE00DB65EB /* Project object */;
			proxyType = 1;
			remoteGlobalIDString = B94DAACE2ECFC2EE00DB65EB;
			remoteInfo = Gains;
		};
/* End PBXContainerItemProxy section */

/* Begin PBXFileReference section */
		B94DAACF2ECFC2EE00DB65EB /* Gains.app */ = {isa = PBXFileReference; explicitFileType = wrapper.application; includeInIndex = 0; path = Gains.app; sourceTree = BUILT_PRODUCTS_DIR; };
		B94DAAD42ECFC2EE00DB65EB /* ContentView.swift */ = {isa = PBXFileReference; lastKnownFileType = sourcecode.swift; path = ContentView.swift; sourceTree = "<group>"; };
		B94DAADC2ECFC2EF00DB65EB /* GainsTests.xctest */ = {isa = PBXFileReference; explicitFileType = wrapper.cfbundle; includeInIndex = 0; path = GainsTests.xctest; sourceTree = BUILT_PRODUCTS_DIR; };
		B94DAAE62ECFC2EF00DB65EB /* GainsUITests.xctest */ = {isa = PBXFileReference; explicitFileType = wrapper.cfbundle; includeInIndex = 0; path = GainsUITests.xctest; sourceTree = BUILT_PRODUCTS_DIR; };
		B94DAB002ECFC3DE00DB65EB /* colors.swift */ = {isa = PBXFileReference; lastKnownFileType = sourcecode.swift; path = colors.swift; sourceTree = "<group>"; };
		B94DAB012ECFC46600DB65EB /* GainsAIApp.swift */ = {isa = PBXFileReference; lastKnownFileType = sourcecode.swift; path = GainsAIApp.swift; sourceTree = "<group>"; };
/* End PBXFileReference section */

/* Begin PBXFileSystemSynchronizedRootGroup section */
		B94DAAD12ECFC2EE00DB65EB /* Gains */ = {
			isa = PBXFileSystemSynchronizedRootGroup;
			path = Gains;
			sourceTree = "<group>";
		};
		B94DAADF2ECFC2EF00DB65EB /* GainsTests */ = {
			isa = PBXFileSystemSynchronizedRootGroup;
			path = GainsTests;
			sourceTree = "<group>";
		};
		B94DAAE92ECFC2EF00DB65EB /* GainsUITests */ = {
			isa = PBXFileSystemSynchronizedRootGroup;
			path = GainsUITests;
			sourceTree = "<group>";
		};
/* End PBXFileSystemSynchronizedRootGroup section */

/* Begin PBXFrameworksBuildPhase section */
		B94DAACC2ECFC2EE00DB65EB /* Frameworks */ = {
			isa = PBXFrameworksBuildPhase;
			buildActionMask = 2147483647;
			files = (
			);
			runOnlyForDeploymentPostprocessing = 0;
		};
		B94DAAD92ECFC2EF00DB65EB /* Frameworks */ = {
			isa = PBXFrameworksBuildPhase;
			buildActionMask = 2147483647;
			files = (
			);
			runOnlyForDeploymentPostprocessing = 0;
		};
		B94DAAE32ECFC2EF00DB65EB /* Frameworks */ = {
			isa = PBXFrameworksBuildPhase;
			buildActionMask = 2147483647;
			files = (
			);
			runOnlyForDeploymentPostprocessing = 0;
		};
/* End PBXFrameworksBuildPhase section */

/* Begin PBXGroup section */
		B94DAAC62ECFC2EE00DB65EB = {
			isa = PBXGroup;
			children = (
				B94DAAFE2ECFC33E00DB65EB /* Theme */,
				B94DAAFD2ECFC33700DB65EB /* Services */,
				B94DAAFC2ECFC32F00DB65EB /* Views */,
				B94DAAFB2ECFC32700DB65EB /* ViewModels */,
				B94DAAFA2ECFC32100DB65EB /* Models */,
				B94DAAD12ECFC2EE00DB65EB /* Gains */,
				B94DAADF2ECFC2EF00DB65EB /* GainsTests */,
				B94DAAE92ECFC2EF00DB65EB /* GainsUITests */,
				B94DAAD02ECFC2EE00DB65EB /* Products */,
			);
			sourceTree = "<group>";
		};
		B94DAAD02ECFC2EE00DB65EB /* Products */ = {
			isa = PBXGroup;
			children = (
				B94DAACF2ECFC2EE00DB65EB /* Gains.app */,
				B94DAADC2ECFC2EF00DB65EB /* GainsTests.xctest */,
				B94DAAE62ECFC2EF00DB65EB /* GainsUITests.xctest */,
			);
			name = Products;
			sourceTree = "<group>";
		};
		B94DAAFA2ECFC32100DB65EB /* Models */ = {
			isa = PBXGroup;
			children = (
			);
			path = Models;
			sourceTree = "<group>";
		};
		B94DAAFB2ECFC32700DB65EB /* ViewModels */ = {
			isa = PBXGroup;
			children = (
			);
			path = ViewModels;
			sourceTree = "<group>";
		};
		B94DAAFC2ECFC32F00DB65EB /* Views */ = {
			isa = PBXGroup;
			children = (
				B94DAAFF2ECFC3AD00DB65EB /* Shared */,
			);
			path = Views;
			sourceTree = "<group>";
		};
		B94DAAFD2ECFC33700DB65EB /* Services */ = {
			isa = PBXGroup;
			children = (
			);
			path = Services;
			sourceTree = "<group>";
		};
		B94DAAFE2ECFC33E00DB65EB /* Theme */ = {
			isa = PBXGroup;
			children = (
				B94DAB002ECFC3DE00DB65EB /* colors.swift */,
				B94DAB012ECFC46600DB65EB /* GainsAIApp.swift */,
			);
			path = Theme;
			sourceTree = "<group>";
		};
		B94DAAFF2ECFC3AD00DB65EB /* Shared */ = {
			isa = PBXGroup;
			children = (
				B94DAAD42ECFC2EE00DB65EB /* ContentView.swift */,
			);
			path = Shared;
			sourceTree = "<group>";
		};
/* End PBXGroup section */

/* Begin PBXNativeTarget section */
		B94DAACE2ECFC2EE00DB65EB /* Gains */ = {
			isa = PBXNativeTarget;
			buildConfigurationList = B94DAAF02ECFC2EF00DB65EB /* Build configuration list for PBXNativeTarget "Gains" */;
			buildPhases = (
				B94DAACB2ECFC2EE00DB65EB /* Sources */,
				B94DAACC2ECFC2EE00DB65EB /* Frameworks */,
				B94DAACD2ECFC2EE00DB65EB /* Resources */,
			);
			buildRules = (
			);
			dependencies = (
			);
			fileSystemSynchronizedGroups = (
				B94DAAD12ECFC2EE00DB65EB /* Gains */,
			);
			name = Gains;
			packageProductDependencies = (
			);
			productName = Gains;
			productReference = B94DAACF2ECFC2EE00DB65EB /* Gains.app */;
			productType = "com.apple.product-type.application";
		};
		B94DAADB2ECFC2EF00DB65EB /* GainsTests */ = {
			isa = PBXNativeTarget;
			buildConfigurationList = B94DAAF32ECFC2EF00DB65EB /* Build configuration list for PBXNativeTarget "GainsTests" */;
			buildPhases = (
				B94DAAD82ECFC2EF00DB65EB /* Sources */,
				B94DAAD92ECFC2EF00DB65EB /* Frameworks */,
				B94DAADA2ECFC2EF00DB65EB /* Resources */,
			);
			buildRules = (
			);
			dependencies = (
				B94DAADE2ECFC2EF00DB65EB /* PBXTargetDependency */,
			);
			fileSystemSynchronizedGroups = (
				B94DAADF2ECFC2EF00DB65EB /* GainsTests */,
			);
			name = GainsTests;
			packageProductDependencies = (
			);
			productName = GainsTests;
			productReference = B94DAADC2ECFC2EF00DB65EB /* GainsTests.xctest */;
			productType = "com.apple.product-type.bundle.unit-test";
		};
		B94DAAE52ECFC2EF00DB65EB /* GainsUITests */ = {
			isa = PBXNativeTarget;
			buildConfigurationList = B94DAAF62ECFC2EF00DB65EB /* Build configuration list for PBXNativeTarget "GainsUITests" */;
			buildPhases = (
				B94DAAE22ECFC2EF00DB65EB /* Sources */,
				B94DAAE32ECFC2EF00DB65EB /* Frameworks */,
				B94DAAE42ECFC2EF00DB65EB /* Resources */,
			);
			buildRules = (
			);
			dependencies = (
				B94DAAE82ECFC2EF00DB65EB /* PBXTargetDependency */,
			);
			fileSystemSynchronizedGroups = (
				B94DAAE92ECFC2EF00DB65EB /* GainsUITests */,
			);
			name = GainsUITests;
			packageProductDependencies = (
			);
			productName = GainsUITests;
			productReference = B94DAAE62ECFC2EF00DB65EB /* GainsUITests.xctest */;
			productType = "com.apple.product-type.bundle.ui-testing";
		};
/* End PBXNativeTarget section */

/* Begin PBXProject section */
		B94DAAC72ECFC2EE00DB65EB /* Project object */ = {
			isa = PBXProject;
			attributes = {
				BuildIndependentTargetsInParallel = 1;
				LastSwiftUpdateCheck = 2610;
				LastUpgradeCheck = 2610;
				TargetAttributes = {
					B94DAACE2ECFC2EE00DB65EB = {
						CreatedOnToolsVersion = 26.1;
					};
					B94DAADB2ECFC2EF00DB65EB = {
						CreatedOnToolsVersion = 26.1;
						TestTargetID = B94DAACE2ECFC2EE00DB65EB;
					};
					B94DAAE52ECFC2EF00DB65EB = {
						CreatedOnToolsVersion = 26.1;
						TestTargetID = B94DAACE2ECFC2EE00DB65EB;
					};
				};
			};
			buildConfigurationList = B94DAACA2ECFC2EE00DB65EB /* Build configuration list for PBXProject "Gains" */;
			developmentRegion = en;
			hasScannedForEncodings = 0;
			knownRegions = (
				en,
				Base,
			);
			mainGroup = B94DAAC62ECFC2EE00DB65EB;
			minimizedProjectReferenceProxies = 1;
			preferredProjectObjectVersion = 77;
			productRefGroup = B94DAAD02ECFC2EE00DB65EB /* Products */;
			projectDirPath = "";
			projectRoot = "";
			targets = (
				B94DAACE2ECFC2EE00DB65EB /* Gains */,
				B94DAADB2ECFC2EF00DB65EB /* GainsTests */,
				B94DAAE52ECFC2EF00DB65EB /* GainsUITests */,
			);
		};
/* End PBXProject section */

/* Begin PBXResourcesBuildPhase section */
		B94DAACD2ECFC2EE00DB65EB /* Resources */ = {
			isa = PBXResourcesBuildPhase;
			buildActionMask = 2147483647;
			files = (
			);
			runOnlyForDeploymentPostprocessing = 0;
		};
		B94DAADA2ECFC2EF00DB65EB /* Resources */ = {
			isa = PBXResourcesBuildPhase;
			buildActionMask = 2147483647;
			files = (
			);
			runOnlyForDeploymentPostprocessing = 0;
		};
		B94DAAE42ECFC2EF00DB65EB /* Resources */ = {
			isa = PBXResourcesBuildPhase;
			buildActionMask = 2147483647;
			files = (
			);
			runOnlyForDeploymentPostprocessing = 0;
		};
/* End PBXResourcesBuildPhase section */

/* Begin PBXSourcesBuildPhase section */
		B94DAACB2ECFC2EE00DB65EB /* Sources */ = {
			isa = PBXSourcesBuildPhase;
			buildActionMask = 2147483647;
			files = (
				B94DAAD52ECFC2EE00DB65EB /* ContentView.swift in Sources */,
			);
			runOnlyForDeploymentPostprocessing = 0;
		};
		B94DAAD82ECFC2EF00DB65EB /* Sources */ = {
			isa = PBXSourcesBuildPhase;
			buildActionMask = 2147483647;
			files = (
			);
			runOnlyForDeploymentPostprocessing = 0;
		};
		B94DAAE22ECFC2EF00DB65EB /* Sources */ = {
			isa = PBXSourcesBuildPhase;
			buildActionMask = 2147483647;
			files = (
			);
			runOnlyForDeploymentPostprocessing = 0;
		};
/* End PBXSourcesBuildPhase section */

/* Begin PBXTargetDependency section */
		B94DAADE2ECFC2EF00DB65EB /* PBXTargetDependency */ = {
			isa = PBXTargetDependency;
			target = B94DAACE2ECFC2EE00DB65EB /* Gains */;
			targetProxy = B94DAADD2ECFC2EF00DB65EB /* PBXContainerItemProxy */;
		};
		B94DAAE82ECFC2EF00DB65EB /* PBXTargetDependency */ = {
			isa = PBXTargetDependency;
			target = B94DAACE2ECFC2EE00DB65EB /* Gains */;
			targetProxy = B94DAAE72ECFC2EF00DB65EB /* PBXContainerItemProxy */;
		};
/* End PBXTargetDependency section */

/* Begin XCBuildConfiguration section */
		B94DAAEE2ECFC2EF00DB65EB /* Debug */ = {
			isa = XCBuildConfiguration;
			buildSettings = {
				ALWAYS_SEARCH_USER_PATHS = NO;
				ASSETCATALOG_COMPILER_GENERATE_SWIFT_ASSET_SYMBOL_EXTENSIONS = YES;
				CLANG_ANALYZER_NONNULL = YES;
				CLANG_ANALYZER_NUMBER_OBJECT_CONVERSION = YES_AGGRESSIVE;
				CLANG_CXX_LANGUAGE_STANDARD = "gnu++20";
				CLANG_ENABLE_MODULES = YES;
				CLANG_ENABLE_OBJC_ARC = YES;
				CLANG_ENABLE_OBJC_WEAK = YES;
				CLANG_WARN_BLOCK_CAPTURE_AUTORELEASING = YES;
				CLANG_WARN_BOOL_CONVERSION = YES;
				CLANG_WARN_COMMA = YES;
				CLANG_WARN_CONSTANT_CONVERSION = YES;
				CLANG_WARN_DEPRECATED_OBJC_IMPLEMENTATIONS = YES;
				CLANG_WARN_DIRECT_OBJC_ISA_USAGE = YES_ERROR;
				CLANG_WARN_DOCUMENTATION_COMMENTS = YES;
				CLANG_WARN_EMPTY_BODY = YES;
				CLANG_WARN_ENUM_CONVERSION = YES;
				CLANG_WARN_INFINITE_RECURSION = YES;
				CLANG_WARN_INT_CONVERSION = YES;
				CLANG_WARN_NON_LITERAL_NULL_CONVERSION = YES;
				CLANG_WARN_OBJC_IMPLICIT_RETAIN_SELF = YES;
				CLANG_WARN_OBJC_LITERAL_CONVERSION = YES;
				CLANG_WARN_OBJC_ROOT_CLASS = YES_ERROR;
				CLANG_WARN_QUOTED_INCLUDE_IN_FRAMEWORK_HEADER = YES;
				CLANG_WARN_RANGE_LOOP_ANALYSIS = YES;
				CLANG_WARN_STRICT_PROTOTYPES = YES;
				CLANG_WARN_SUSPICIOUS_MOVE = YES;
				CLANG_WARN_UNGUARDED_AVAILABILITY = YES_AGGRESSIVE;
				CLANG_WARN_UNREACHABLE_CODE = YES;
				CLANG_WARN__DUPLICATE_METHOD_MATCH = YES;
				COPY_PHASE_STRIP = NO;
				DEBUG_INFORMATION_FORMAT = dwarf;
				DEVELOPMENT_TEAM = X5XJ4X2G7Q;
				ENABLE_STRICT_OBJC_MSGSEND = YES;
				ENABLE_TESTABILITY = YES;
				ENABLE_USER_SCRIPT_SANDBOXING = YES;
				GCC_C_LANGUAGE_STANDARD = gnu17;
				GCC_DYNAMIC_NO_PIC = NO;
				GCC_NO_COMMON_BLOCKS = YES;
				GCC_OPTIMIZATION_LEVEL = 0;
				GCC_PREPROCESSOR_DEFINITIONS = (
					"DEBUG=1",
					"$(inherited)",
				);
				GCC_WARN_64_TO_32_BIT_CONVERSION = YES;
				GCC_WARN_ABOUT_RETURN_TYPE = YES_ERROR;
				GCC_WARN_UNDECLARED_SELECTOR = YES;
				GCC_WARN_UNINITIALIZED_AUTOS = YES_AGGRESSIVE;
				GCC_WARN_UNUSED_FUNCTION = YES;
				GCC_WARN_UNUSED_VARIABLE = YES;
				IPHONEOS_DEPLOYMENT_TARGET = 26.1;
				LOCALIZATION_PREFERS_STRING_CATALOGS = YES;
				MTL_ENABLE_DEBUG_INFO = INCLUDE_SOURCE;
				MTL_FAST_MATH = YES;
				ONLY_ACTIVE_ARCH = YES;
				SDKROOT = iphoneos;
				SWIFT_ACTIVE_COMPILATION_CONDITIONS = "DEBUG $(inherited)";
				SWIFT_OPTIMIZATION_LEVEL = "-Onone";
			};
			name = Debug;
		};
		B94DAAEF2ECFC2EF00DB65EB /* Release */ = {
			isa = XCBuildConfiguration;
			buildSettings = {
				ALWAYS_SEARCH_USER_PATHS = NO;
				ASSETCATALOG_COMPILER_GENERATE_SWIFT_ASSET_SYMBOL_EXTENSIONS = YES;
				CLANG_ANALYZER_NONNULL = YES;
				CLANG_ANALYZER_NUMBER_OBJECT_CONVERSION = YES_AGGRESSIVE;
				CLANG_CXX_LANGUAGE_STANDARD = "gnu++20";
				CLANG_ENABLE_MODULES = YES;
				CLANG_ENABLE_OBJC_ARC = YES;
				CLANG_ENABLE_OBJC_WEAK = YES;
				CLANG_WARN_BLOCK_CAPTURE_AUTORELEASING = YES;
				CLANG_WARN_BOOL_CONVERSION = YES;
				CLANG_WARN_COMMA = YES;
				CLANG_WARN_CONSTANT_CONVERSION = YES;
				CLANG_WARN_DEPRECATED_OBJC_IMPLEMENTATIONS = YES;
				CLANG_WARN_DIRECT_OBJC_ISA_USAGE = YES_ERROR;
				CLANG_WARN_DOCUMENTATION_COMMENTS = YES;
				CLANG_WARN_EMPTY_BODY = YES;
				CLANG_WARN_ENUM_CONVERSION = YES;
				CLANG_WARN_INFINITE_RECURSION = YES;
				CLANG_WARN_INT_CONVERSION = YES;
				CLANG_WARN_NON_LITERAL_NULL_CONVERSION = YES;
				CLANG_WARN_OBJC_IMPLICIT_RETAIN_SELF = YES;
				CLANG_WARN_OBJC_LITERAL_CONVERSION = YES;
				CLANG_WARN_OBJC_ROOT_CLASS = YES_ERROR;
				CLANG_WARN_QUOTED_INCLUDE_IN_FRAMEWORK_HEADER = YES;
				CLANG_WARN_RANGE_LOOP_ANALYSIS = YES;
				CLANG_WARN_STRICT_PROTOTYPES = YES;
				CLANG_WARN_SUSPICIOUS_MOVE = YES;
				CLANG_WARN_UNGUARDED_AVAILABILITY = YES_AGGRESSIVE;
				CLANG_WARN_UNREACHABLE_CODE = YES;
				CLANG_WARN__DUPLICATE_METHOD_MATCH = YES;
				COPY_PHASE_STRIP = NO;
				DEBUG_INFORMATION_FORMAT = "dwarf-with-dsym";
				DEVELOPMENT_TEAM = X5XJ4X2G7Q;
				ENABLE_NS_ASSERTIONS = NO;
				ENABLE_STRICT_OBJC_MSGSEND = YES;
				ENABLE_USER_SCRIPT_SANDBOXING = YES;
				GCC_C_LANGUAGE_STANDARD = gnu17;
				GCC_NO_COMMON_BLOCKS = YES;
				GCC_WARN_64_TO_32_BIT_CONVERSION = YES;
				GCC_WARN_ABOUT_RETURN_TYPE = YES_ERROR;
				GCC_WARN_UNDECLARED_SELECTOR = YES;
				GCC_WARN_UNINITIALIZED_AUTOS = YES_AGGRESSIVE;
				GCC_WARN_UNUSED_FUNCTION = YES;
				GCC_WARN_UNUSED_VARIABLE = YES;
				IPHONEOS_DEPLOYMENT_TARGET = 26.1;
				LOCALIZATION_PREFERS_STRING_CATALOGS = YES;
				MTL_ENABLE_DEBUG_INFO = NO;
				MTL_FAST_MATH = YES;
				SDKROOT = iphoneos;
				SWIFT_COMPILATION_MODE = wholemodule;
				VALIDATE_PRODUCT = YES;
			};
			name = Release;
		};
		B94DAAF12ECFC2EF00DB65EB /* Debug */ = {
			isa = XCBuildConfiguration;
			buildSettings = {
				ASSETCATALOG_COMPILER_APPICON_NAME = AppIcon;
				ASSETCATALOG_COMPILER_GLOBAL_ACCENT_COLOR_NAME = AccentColor;
				CODE_SIGN_STYLE = Automatic;
				CURRENT_PROJECT_VERSION = 1;
				DEVELOPMENT_TEAM = X5XJ4X2G7Q;
				ENABLE_PREVIEWS = YES;
				GENERATE_INFOPLIST_FILE = YES;
				INFOPLIST_KEY_UIApplicationSceneManifest_Generation = YES;
				INFOPLIST_KEY_UIApplicationSupportsIndirectInputEvents = YES;
				INFOPLIST_KEY_UILaunchScreen_Generation = YES;
				INFOPLIST_KEY_UISupportedInterfaceOrientations_iPad = "UIInterfaceOrientationPortrait UIInterfaceOrientationPortraitUpsideDown UIInterfaceOrientationLandscapeLeft UIInterfaceOrientationLandscapeRight";
				INFOPLIST_KEY_UISupportedInterfaceOrientations_iPhone = "UIInterfaceOrientationPortrait UIInterfaceOrientationLandscapeLeft UIInterfaceOrientationLandscapeRight";
				LD_RUNPATH_SEARCH_PATHS = (
					"$(inherited)",
					"@executable_path/Frameworks",
				);
				MARKETING_VERSION = 1.0;
				PRODUCT_BUNDLE_IDENTIFIER = com.rayaan.Gains;
				PRODUCT_NAME = "$(TARGET_NAME)";
				STRING_CATALOG_GENERATE_SYMBOLS = YES;
				SWIFT_APPROACHABLE_CONCURRENCY = YES;
				SWIFT_DEFAULT_ACTOR_ISOLATION = MainActor;
				SWIFT_EMIT_LOC_STRINGS = YES;
				SWIFT_UPCOMING_FEATURE_MEMBER_IMPORT_VISIBILITY = YES;
				SWIFT_VERSION = 5.0;
				TARGETED_DEVICE_FAMILY = "1,2";
			};
			name = Debug;
		};
		B94DAAF22ECFC2EF00DB65EB /* Release */ = {
			isa = XCBuildConfiguration;
			buildSettings = {
				ASSETCATALOG_COMPILER_APPICON_NAME = AppIcon;
				ASSETCATALOG_COMPILER_GLOBAL_ACCENT_COLOR_NAME = AccentColor;
				CODE_SIGN_STYLE = Automatic;
				CURRENT_PROJECT_VERSION = 1;
				DEVELOPMENT_TEAM = X5XJ4X2G7Q;
				ENABLE_PREVIEWS = YES;
				GENERATE_INFOPLIST_FILE = YES;
				INFOPLIST_KEY_UIApplicationSceneManifest_Generation = YES;
				INFOPLIST_KEY_UIApplicationSupportsIndirectInputEvents = YES;
				INFOPLIST_KEY_UILaunchScreen_Generation = YES;
				INFOPLIST_KEY_UISupportedInterfaceOrientations_iPad = "UIInterfaceOrientationPortrait UIInterfaceOrientationPortraitUpsideDown UIInterfaceOrientationLandscapeLeft UIInterfaceOrientationLandscapeRight";
				INFOPLIST_KEY_UISupportedInterfaceOrientations_iPhone = "UIInterfaceOrientationPortrait UIInterfaceOrientationLandscapeLeft UIInterfaceOrientationLandscapeRight";
				LD_RUNPATH_SEARCH_PATHS = (
					"$(inherited)",
					"@executable_path/Frameworks",
				);
				MARKETING_VERSION = 1.0;
				PRODUCT_BUNDLE_IDENTIFIER = com.rayaan.Gains;
				PRODUCT_NAME = "$(TARGET_NAME)";
				STRING_CATALOG_GENERATE_SYMBOLS = YES;
				SWIFT_APPROACHABLE_CONCURRENCY = YES;
				SWIFT_DEFAULT_ACTOR_ISOLATION = MainActor;
				SWIFT_EMIT_LOC_STRINGS = YES;
				SWIFT_UPCOMING_FEATURE_MEMBER_IMPORT_VISIBILITY = YES;
				SWIFT_VERSION = 5.0;
				TARGETED_DEVICE_FAMILY = "1,2";
			};
			name = Release;
		};
		B94DAAF42ECFC2EF00DB65EB /* Debug */ = {
			isa = XCBuildConfiguration;
			buildSettings = {
				BUNDLE_LOADER = "$(TEST_HOST)";
				CODE_SIGN_STYLE = Automatic;
				CURRENT_PROJECT_VERSION = 1;
				DEVELOPMENT_TEAM = X5XJ4X2G7Q;
				GENERATE_INFOPLIST_FILE = YES;
				IPHONEOS_DEPLOYMENT_TARGET = 26.1;
				MARKETING_VERSION = 1.0;
				PRODUCT_BUNDLE_IDENTIFIER = com.rayaan.GainsTests;
				PRODUCT_NAME = "$(TARGET_NAME)";
				STRING_CATALOG_GENERATE_SYMBOLS = NO;
				SWIFT_APPROACHABLE_CONCURRENCY = YES;
				SWIFT_EMIT_LOC_STRINGS = NO;
				SWIFT_UPCOMING_FEATURE_MEMBER_IMPORT_VISIBILITY = YES;
				SWIFT_VERSION = 5.0;
				TARGETED_DEVICE_FAMILY = "1,2";
				TEST_HOST = "$(BUILT_PRODUCTS_DIR)/Gains.app/$(BUNDLE_EXECUTABLE_FOLDER_PATH)/Gains";
			};
			name = Debug;
		};
		B94DAAF52ECFC2EF00DB65EB /* Release */ = {
			isa = XCBuildConfiguration;
			buildSettings = {
				BUNDLE_LOADER = "$(TEST_HOST)";
				CODE_SIGN_STYLE = Automatic;
				CURRENT_PROJECT_VERSION = 1;
				DEVELOPMENT_TEAM = X5XJ4X2G7Q;
				GENERATE_INFOPLIST_FILE = YES;
				IPHONEOS_DEPLOYMENT_TARGET = 26.1;
				MARKETING_VERSION = 1.0;
				PRODUCT_BUNDLE_IDENTIFIER = com.rayaan.GainsTests;
				PRODUCT_NAME = "$(TARGET_NAME)";
				STRING_CATALOG_GENERATE_SYMBOLS = NO;
				SWIFT_APPROACHABLE_CONCURRENCY = YES;
				SWIFT_EMIT_LOC_STRINGS = NO;
				SWIFT_UPCOMING_FEATURE_MEMBER_IMPORT_VISIBILITY = YES;
				SWIFT_VERSION = 5.0;
				TARGETED_DEVICE_FAMILY = "1,2";
				TEST_HOST = "$(BUILT_PRODUCTS_DIR)/Gains.app/$(BUNDLE_EXECUTABLE_FOLDER_PATH)/Gains";
			};
			name = Release;
		};
		B94DAAF72ECFC2EF00DB65EB /* Debug */ = {
			isa = XCBuildConfiguration;
			buildSettings = {
				CODE_SIGN_STYLE = Automatic;
				CURRENT_PROJECT_VERSION = 1;
				DEVELOPMENT_TEAM = X5XJ4X2G7Q;
				GENERATE_INFOPLIST_FILE = YES;
				MARKETING_VERSION = 1.0;
				PRODUCT_BUNDLE_IDENTIFIER = com.rayaan.GainsUITests;
				PRODUCT_NAME = "$(TARGET_NAME)";
				STRING_CATALOG_GENERATE_SYMBOLS = NO;
				SWIFT_APPROACHABLE_CONCURRENCY = YES;
				SWIFT_EMIT_LOC_STRINGS = NO;
				SWIFT_UPCOMING_FEATURE_MEMBER_IMPORT_VISIBILITY = YES;
				SWIFT_VERSION = 5.0;
				TARGETED_DEVICE_FAMILY = "1,2";
				TEST_TARGET_NAME = Gains;
			};
			name = Debug;
		};
		B94DAAF82ECFC2EF00DB65EB /* Release */ = {
			isa = XCBuildConfiguration;
			buildSettings = {
				CODE_SIGN_STYLE = Automatic;
				CURRENT_PROJECT_VERSION = 1;
				DEVELOPMENT_TEAM = X5XJ4X2G7Q;
				GENERATE_INFOPLIST_FILE = YES;
				MARKETING_VERSION = 1.0;
				PRODUCT_BUNDLE_IDENTIFIER = com.rayaan.GainsUITests;
				PRODUCT_NAME = "$(TARGET_NAME)";
				STRING_CATALOG_GENERATE_SYMBOLS = NO;
				SWIFT_APPROACHABLE_CONCURRENCY = YES;
				SWIFT_EMIT_LOC_STRINGS = NO;
				SWIFT_UPCOMING_FEATURE_MEMBER_IMPORT_VISIBILITY = YES;
				SWIFT_VERSION = 5.0;
				TARGETED_DEVICE_FAMILY = "1,2";
				TEST_TARGET_NAME = Gains;
			};
			name = Release;
		};
/* End XCBuildConfiguration section */

/* Begin XCConfigurationList section */
		B94DAACA2ECFC2EE00DB65EB /* Build configuration list for PBXProject "Gains" */ = {
			isa = XCConfigurationList;
			buildConfigurations = (
				B94DAAEE2ECFC2EF00DB65EB /* Debug */,
				B94DAAEF2ECFC2EF00DB65EB /* Release */,
			);
			defaultConfigurationIsVisible = 0;
			defaultConfigurationName = Release;
		};
		B94DAAF02ECFC2EF00DB65EB /* Build configuration list for PBXNativeTarget "Gains" */ = {
			isa = XCConfigurationList;
			buildConfigurations = (
				B94DAAF12ECFC2EF00DB65EB /* Debug */,
				B94DAAF22ECFC2EF00DB65EB /* Release */,
			);
			defaultConfigurationIsVisible = 0;
			defaultConfigurationName = Release;
		};
		B94DAAF32ECFC2EF00DB65EB /* Build configuration list for PBXNativeTarget "GainsTests" */ = {
			isa = XCConfigurationList;
			buildConfigurations = (
				B94DAAF42ECFC2EF00DB65EB /* Debug */,
				B94DAAF52ECFC2EF00DB65EB /* Release */,
			);
			defaultConfigurationIsVisible = 0;
			defaultConfigurationName = Release;
		};
		B94DAAF62ECFC2EF00DB65EB /* Build configuration list for PBXNativeTarget "GainsUITests" */ = {
			isa = XCConfigurationList;
			buildConfigurations = (
				B94DAAF72ECFC2EF00DB65EB /* Debug */,
				B94DAAF82ECFC2EF00DB65EB /* Release */,
			);
			defaultConfigurationIsVisible = 0;
			defaultConfigurationName = Release;
		};
/* End XCConfigurationList section */
	};
	rootObject = B94DAAC72ECFC2EE00DB65EB /* Project object */;
}
